
Microsoft Visual Studio Solution File, Format Version 12.00
# Visual Studio Version 17
VisualStudioVersion = 17.13.35919.96 d17.13
MinimumVisualStudioVersion = 10.0.40219.1
Project("{FAE04EC0-301F-11D3-BF4B-00C04F79EFBC}") = "Minecraft Console", "Minecraft Console.csproj", "{3ED578E5-1565-4037-9FFD-A76C6C18DB2F}"
EndProject
Global
	GlobalSection(SolutionConfigurationPlatforms) = preSolution
		Debug|Any CPU = Debug|Any CPU
		Release|Any CPU = Release|Any CPU
	EndGlobalSection
	GlobalSection(ProjectConfigurationPlatforms) = postSolution
		{3ED578E5-1565-4037-9FFD-A76C6C18DB2F}.Debug|Any CPU.ActiveCfg = Debug|Any CPU
		{3ED578E5-1565-4037-9FFD-A76C6C18DB2F}.Debug|Any CPU.Build.0 = Debug|Any CPU
		{3ED578E5-1565-4037-9FFD-A76C6C18DB2F}.Release|Any CPU.ActiveCfg = Release|Any CPU
		{3ED578E5-1565-4037-9FFD-A76C6C18DB2F}.Release|Any CPU.Build.0 = Release|Any CPU
	EndGlobalSection
	GlobalSection(SolutionProperties) = preSolution
		HideSolutionNode = FALSE
	EndGlobalSection
	GlobalSection(ExtensibilityGlobals) = postSolution
		SolutionGuid = {0A14C354-CF21-4C2B-A062-764963EC948C}
	EndGlobalSection
EndGlobal
