
Microsoft Visual Studio Solution File, Format Version 12.00
# Visual Studio Version 17
VisualStudioVersion = 17.13.35919.96 d17.13
MinimumVisualStudioVersion = 10.0.40219.1
Project("{FAE04EC0-301F-11D3-BF4B-00C04F79EFBC}") = "JMXConsoleTool", "JMXConsoleTool.csproj", "{B540B3BF-65FB-4EBE-B408-BC78941CA909}"
EndProject
Global
	GlobalSection(SolutionConfigurationPlatforms) = preSolution
		Debug|Any CPU = Debug|Any CPU
		Release|Any CPU = Release|Any CPU
	EndGlobalSection
	GlobalSection(ProjectConfigurationPlatforms) = postSolution
		{B540B3BF-65FB-4EBE-B408-BC78941CA909}.Debug|Any CPU.ActiveCfg = Debug|Any CPU
		{B540B3BF-65FB-4EBE-B408-BC78941CA909}.Debug|Any CPU.Build.0 = Debug|Any CPU
		{B540B3BF-65FB-4EBE-B408-BC78941CA909}.Release|Any CPU.ActiveCfg = Release|Any CPU
		{B540B3BF-65FB-4EBE-B408-BC78941CA909}.Release|Any CPU.Build.0 = Release|Any CPU
	EndGlobalSection
	GlobalSection(SolutionProperties) = preSolution
		HideSolutionNode = FALSE
	EndGlobalSection
	GlobalSection(ExtensibilityGlobals) = postSolution
		SolutionGuid = {ACE80727-C46D-4571-8500-BE5816C316D3}
	EndGlobalSection
EndGlobal
